
Microsoft Visual Studio Solution File, Format Version 12.00
# Visual Studio 2013
VisualStudioVersion = 12.0.31101.0
MinimumVisualStudioVersion = 10.0.40219.1
Project("{8BC9CEB8-8B4A-11D0-8D11-00A0C91BC942}") = "library", "library\library.vcxproj", "{287DCDB3-14B1-40A2-805B-60FA130849DB}"
EndProject
Project("{8BC9CEB8-8B4A-11D0-8D11-00A0C91BC942}") = "recorder", "recorder\recorder.vcxproj", "{6BEDA633-2140-49D4-8398-D29E24899A5D}"
	ProjectSection(ProjectDependencies) = postProject
		{287DCDB3-14B1-40A2-805B-60FA130849DB} = {287DCDB3-14B1-40A2-805B-60FA130849DB}
	EndProjectSection
EndProject
Project("{8BC9CEB8-8B4A-11D0-8D11-00A0C91BC942}") = "player", "player\player.vcxproj", "{190CCBBF-EF24-4EA1-BB9F-EAD1BFFD2F21}"
EndProject
Project("{2150E333-8FDC-42A3-9474-1A3956D46DE8}") = "Solution Items", "Solution Items", "{CA44AB65-DA6B-4B9B-9CCA-A1F835E6920D}"
	ProjectSection(SolutionItems) = preProject
		readme.txt = readme.txt
	EndProjectSection
EndProject
Global
	GlobalSection(SolutionConfigurationPlatforms) = preSolution
		Debug|Win32 = Debug|Win32
		Release|Win32 = Release|Win32
	EndGlobalSection
	GlobalSection(ProjectConfigurationPlatforms) = postSolution
		{287DCDB3-14B1-40A2-805B-60FA130849DB}.Debug|Win32.ActiveCfg = Debug|Win32
		{287DCDB3-14B1-40A2-805B-60FA130849DB}.Debug|Win32.Build.0 = Debug|Win32
		{287DCDB3-14B1-40A2-805B-60FA130849DB}.Release|Win32.ActiveCfg = Release|Win32
		{287DCDB3-14B1-40A2-805B-60FA130849DB}.Release|Win32.Build.0 = Release|Win32
		{6BEDA633-2140-49D4-8398-D29E24899A5D}.Debug|Win32.ActiveCfg = Debug|Win32
		{6BEDA633-2140-49D4-8398-D29E24899A5D}.Debug|Win32.Build.0 = Debug|Win32
		{6BEDA633-2140-49D4-8398-D29E24899A5D}.Release|Win32.ActiveCfg = Release|Win32
		{6BEDA633-2140-49D4-8398-D29E24899A5D}.Release|Win32.Build.0 = Release|Win32
		{190CCBBF-EF24-4EA1-BB9F-EAD1BFFD2F21}.Debug|Win32.ActiveCfg = Debug|Win32
		{190CCBBF-EF24-4EA1-BB9F-EAD1BFFD2F21}.Debug|Win32.Build.0 = Debug|Win32
		{190CCBBF-EF24-4EA1-BB9F-EAD1BFFD2F21}.Release|Win32.ActiveCfg = Release|Win32
		{190CCBBF-EF24-4EA1-BB9F-EAD1BFFD2F21}.Release|Win32.Build.0 = Release|Win32
	EndGlobalSection
	GlobalSection(SolutionProperties) = preSolution
		HideSolutionNode = FALSE
	EndGlobalSection
EndGlobal
